<?xml version="1.0" encoding="utf-8"?>
<Project ToolsVersion="4.0" xmlns="http://schemas.microsoft.com/developer/msbuild/2003">
  <ItemGroup>
    <Filter Include="Core">
      <UniqueIdentifier>{4FC737F1-C7A5-4376-A066-2A32D752A2FF}</UniqueIdentifier>
      <Extensions>cpp;c;cc;cxx;def;odl;idl;hpj;bat;asm;asmx</Extensions>
    </Filter>
    <Filter Include="Modules">
      <UniqueIdentifier>{93995380-89BD-4b04-88EB-625FBE52EBFB}</UniqueIdentifier>
      <Extensions>h;hh;hpp;hxx;hm;inl;inc;xsd</Extensions>
    </Filter>
    <Filter Include="Containers">
      <UniqueIdentifier>{05541efc-7411-43d6-8724-d3591c0523fb}</UniqueIdentifier>
    </Filter>
    <Filter Include="Levels">
      <UniqueIdentifier>{2cabc8d5-d143-42e7-89f9-c14533888b1c}</UniqueIdentifier>
    </Filter>
    <Filter Include="Modules\Enemies">
      <UniqueIdentifier>{adb0d877-2ddb-4d9e-9155-7fce91ae806e}</UniqueIdentifier>
    </Filter>
    <Filter Include="Modules\Enemies\Lvl3_enemies">
      <UniqueIdentifier>{0d30f63b-7e43-4585-a121-e4c0f5229f74}</UniqueIdentifier>
    </Filter>
  </ItemGroup>
  <ItemGroup>
    <ClInclude Include="Module.h">
      <Filter>Modules</Filter>
    </ClInclude>
    <ClInclude Include="ModuleWindow.h">
      <Filter>Modules</Filter>
    </ClInclude>
    <ClInclude Include="MemLeaks.h">
      <Filter>Core</Filter>
    </ClInclude>
    <ClInclude Include="Globals.h">
      <Filter>Core</Filter>
    </ClInclude>
    <ClInclude Include="Application.h">
      <Filter>Core</Filter>
    </ClInclude>
    <ClInclude Include="ModuleInput.h">
      <Filter>Modules</Filter>
    </ClInclude>
    <ClInclude Include="ModuleRender.h">
      <Filter>Modules</Filter>
    </ClInclude>
    <ClInclude Include="ModuleTextures.h">
      <Filter>Modules</Filter>
    </ClInclude>
    <ClInclude Include="Animation.h">
      <Filter>Containers</Filter>
    </ClInclude>
    <ClInclude Include="p2Point.h">
      <Filter>Containers</Filter>
    </ClInclude>
    <ClInclude Include="ModulePlayer.h">
      <Filter>Modules</Filter>
    </ClInclude>
    <ClInclude Include="ModuleFadeToBlack.h">
      <Filter>Modules</Filter>
    </ClInclude>
    <ClInclude Include="Level01.h">
      <Filter>Levels</Filter>
    </ClInclude>
    <ClInclude Include="ModuleAudio.h">
      <Filter>Modules</Filter>
    </ClInclude>
    <ClInclude Include="ModuleGameIntroduction.h">
      <Filter>Levels</Filter>
    </ClInclude>
    <ClInclude Include="ModuleStageClear.h">
      <Filter>Levels</Filter>
    </ClInclude>
    <ClInclude Include="ModuleParticles.h">
      <Filter>Modules</Filter>
    </ClInclude>
    <ClInclude Include="ModuleCollision.h">
      <Filter>Modules</Filter>
    </ClInclude>
    <ClInclude Include="Enemy.h">
      <Filter>Modules\Enemies</Filter>
    </ClInclude>
    <ClInclude Include="Enemy_01.h">
      <Filter>Modules\Enemies</Filter>
    </ClInclude>
    <ClInclude Include="ModuleGameOver.h">
      <Filter>Levels</Filter>
    </ClInclude>
    <ClInclude Include="Module_Player_2.h">
      <Filter>Modules</Filter>
    </ClInclude>
    <ClInclude Include="Enemy_3.h">
      <Filter>Modules\Enemies</Filter>
    </ClInclude>
    <ClInclude Include="ModuleViscoGames.h">
      <Filter>Levels</Filter>
    </ClInclude>
    <ClInclude Include="ModuleFonts.h">
      <Filter>Modules</Filter>
    </ClInclude>
    <ClInclude Include="ModuleInsertCoin.h">
      <Filter>Levels</Filter>
    </ClInclude>
    <ClInclude Include="ModulePlayersMenu.h">
      <Filter>Levels</Filter>
    </ClInclude>
    <ClInclude Include="Enemy15.h">
      <Filter>Modules\Enemies</Filter>
    </ClInclude>
    <ClInclude Include="UI.h">
      <Filter>Modules</Filter>
    </ClInclude>
    <ClInclude Include="Level03.h">
      <Filter>Levels</Filter>
    </ClInclude>
    <ClInclude Include="ModuleEnemies.h">
      <Filter>Modules\Enemies</Filter>
    </ClInclude>
    <ClInclude Include="Enemy_PowerUp.h">
      <Filter>Modules\Enemies</Filter>
    </ClInclude>
    <ClInclude Include="Path.h">
      <Filter>Containers</Filter>
    </ClInclude>
    <ClInclude Include="ModulePowerUp.h">
      <Filter>Modules</Filter>
    </ClInclude>
    <ClInclude Include="Enemy_20.h">
      <Filter>Modules\Enemies\Lvl3_enemies</Filter>
    </ClInclude>
    <ClInclude Include="Enemy_23.h">
      <Filter>Modules\Enemies\Lvl3_enemies</Filter>
    </ClInclude>
    <ClInclude Include="Enemy_24.h">
      <Filter>Modules\Enemies\Lvl3_enemies</Filter>
    </ClInclude>
    <ClInclude Include="Enemy_21.h">
      <Filter>Modules\Enemies\Lvl3_enemies</Filter>
    </ClInclude>
    <ClInclude Include="Enemy_22.h">
      <Filter>Modules\Enemies\Lvl3_enemies</Filter>
    </ClInclude>
  </ItemGroup>
  <ItemGroup>
    <ClCompile Include="Main.cpp">
      <Filter>Core</Filter>
    </ClCompile>
    <ClCompile Include="Application.cpp">
      <Filter>Core</Filter>
    </ClCompile>
    <ClCompile Include="ModuleWindow.cpp">
      <Filter>Modules</Filter>
    </ClCompile>
    <ClCompile Include="ModuleInput.cpp">
      <Filter>Modules</Filter>
    </ClCompile>
    <ClCompile Include="ModuleRender.cpp">
      <Filter>Modules</Filter>
    </ClCompile>
    <ClCompile Include="ModuleTextures.cpp">
      <Filter>Modules</Filter>
    </ClCompile>
    <ClCompile Include="Globals.cpp">
      <Filter>Core</Filter>
    </ClCompile>
    <ClCompile Include="ModulePlayer.cpp">
      <Filter>Modules</Filter>
    </ClCompile>
    <ClCompile Include="ModuleFadeToBlack.cpp">
      <Filter>Modules</Filter>
    </ClCompile>
    <ClCompile Include="Level01.cpp">
      <Filter>Levels</Filter>
    </ClCompile>
    <ClCompile Include="ModuleAudio.cpp">
      <Filter>Modules</Filter>
    </ClCompile>
    <ClCompile Include="ModuleGameIntroduction.cpp">
      <Filter>Levels</Filter>
    </ClCompile>
    <ClCompile Include="ModuleStageClear.cpp">
      <Filter>Levels</Filter>
    </ClCompile>
    <ClCompile Include="ModuleParticles.cpp">
      <Filter>Modules</Filter>
    </ClCompile>
    <ClCompile Include="ModuleCollision.cpp">
      <Filter>Modules</Filter>
    </ClCompile>
    <ClCompile Include="Enemy.cpp">
      <Filter>Modules\Enemies</Filter>
    </ClCompile>
    <ClCompile Include="Enemy_01.cpp">
      <Filter>Modules\Enemies</Filter>
    </ClCompile>
    <ClCompile Include="ModuleGameOver.cpp">
      <Filter>Levels</Filter>
    </ClCompile>
    <ClCompile Include="Module_Player_2.cpp">
      <Filter>Modules</Filter>
    </ClCompile>
    <ClCompile Include="Enemy_3.cpp">
      <Filter>Modules\Enemies</Filter>
    </ClCompile>
    <ClCompile Include="ModuleViscoGames.cpp">
      <Filter>Levels</Filter>
    </ClCompile>
    <ClCompile Include="ModuleFonts.cpp">
      <Filter>Modules</Filter>
    </ClCompile>
    <ClCompile Include="ModuleInsertCoin.cpp">
      <Filter>Levels</Filter>
    </ClCompile>
    <ClCompile Include="ModulePlayersMenu.cpp">
      <Filter>Levels</Filter>
    </ClCompile>
    <ClCompile Include="Enemy15.cpp">
      <Filter>Modules\Enemies</Filter>
    </ClCompile>
    <ClCompile Include="UI.cpp">
      <Filter>Modules</Filter>
    </ClCompile>
    <ClCompile Include="Level03.cpp">
      <Filter>Levels</Filter>
    </ClCompile>
    <ClCompile Include="ModuleEnemies.cpp">
      <Filter>Modules\Enemies</Filter>
    </ClCompile>
    <ClCompile Include="Enemy_PowerUp.cpp">
      <Filter>Modules\Enemies</Filter>
    </ClCompile>
    <ClCompile Include="ModulePowerUp.cpp">
      <Filter>Modules</Filter>
    </ClCompile>
    <ClCompile Include="Enemy_20.cpp">
      <Filter>Modules\Enemies\Lvl3_enemies</Filter>
    </ClCompile>
    <ClCompile Include="Enemy_23.cpp">
      <Filter>Modules\Enemies\Lvl3_enemies</Filter>
    </ClCompile>
    <ClCompile Include="Enemy_24.cpp">
      <Filter>Modules\Enemies\Lvl3_enemies</Filter>
    </ClCompile>
    <ClCompile Include="Enemy_21.cpp">
      <Filter>Modules\Enemies\Lvl3_enemies</Filter>
    </ClCompile>
    <ClCompile Include="Enemy_22.cpp">
      <Filter>Modules\Enemies\Lvl3_enemies</Filter>
    </ClCompile>
  </ItemGroup>
</Project>